
Microsoft Visual Studio Solution File, Format Version 11.00
# Visual Studio 2010
Project("{8BC9CEB8-8B4A-11D0-8D11-00A0C91BC942}") = "Voxelizer", "Voxelizer\Voxelizer.vcxproj", "{529F2348-2755-4ADD-ABA9-F92F1FC439FD}"
EndProject
Global
	GlobalSection(SolutionConfigurationPlatforms) = preSolution
		Debug|Win32 = Debug|Win32
		Release|Win32 = Release|Win32
	EndGlobalSection
	GlobalSection(ProjectConfigurationPlatforms) = postSolution
		{529F2348-2755-4ADD-ABA9-F92F1FC439FD}.Debug|Win32.ActiveCfg = Debug|Win32
		{529F2348-2755-4ADD-ABA9-F92F1FC439FD}.Debug|Win32.Build.0 = Debug|Win32
		{529F2348-2755-4ADD-ABA9-F92F1FC439FD}.Release|Win32.ActiveCfg = Release|Win32
		{529F2348-2755-4ADD-ABA9-F92F1FC439FD}.Release|Win32.Build.0 = Release|Win32
	EndGlobalSection
	GlobalSection(SolutionProperties) = preSolution
		HideSolutionNode = FALSE
	EndGlobalSection
EndGlobal
